
Microsoft Visual Studio Solution File, Format Version 12.00
# Visual Studio Version 16
VisualStudioVersion = 16.0.31424.327
MinimumVisualStudioVersion = 10.0.40219.1
Project("{FAE04EC0-301F-11D3-BF4B-00C04F79EFBC}") = "console_game_of_life", "console_game_of_life\console_game_of_life.csproj", "{1C84536C-4F70-4BC9-BFAF-1AEF4E28E176}"
EndProject
Global
	GlobalSection(SolutionConfigurationPlatforms) = preSolution
		Debug|Any CPU = Debug|Any CPU
		Release|Any CPU = Release|Any CPU
	EndGlobalSection
	GlobalSection(ProjectConfigurationPlatforms) = postSolution
		{1C84536C-4F70-4BC9-BFAF-1AEF4E28E176}.Debug|Any CPU.ActiveCfg = Debug|Any CPU
		{1C84536C-4F70-4BC9-BFAF-1AEF4E28E176}.Debug|Any CPU.Build.0 = Debug|Any CPU
		{1C84536C-4F70-4BC9-BFAF-1AEF4E28E176}.Release|Any CPU.ActiveCfg = Release|Any CPU
		{1C84536C-4F70-4BC9-BFAF-1AEF4E28E176}.Release|Any CPU.Build.0 = Release|Any CPU
	EndGlobalSection
	GlobalSection(SolutionProperties) = preSolution
		HideSolutionNode = FALSE
	EndGlobalSection
	GlobalSection(ExtensibilityGlobals) = postSolution
		SolutionGuid = {FA5A3A58-07E8-48AD-9292-3702F11DC8B5}
	EndGlobalSection
EndGlobal
